
Microsoft Visual Studio Solution File, Format Version 12.00
# Visual Studio 15
VisualStudioVersion = 15.0.28307.539
MinimumVisualStudioVersion = 10.0.40219.1
Project("{FAE04EC0-301F-11D3-BF4B-00C04F79EFBC}") = "DogWalker", "DogWalker\DogWalker.csproj", "{1A8B8AB6-8F73-41F4-87E2-B57FF3FDC9E0}"
EndProject
Global
	GlobalSection(SolutionConfigurationPlatforms) = preSolution
		Debug|Any CPU = Debug|Any CPU
		Release|Any CPU = Release|Any CPU
	EndGlobalSection
	GlobalSection(ProjectConfigurationPlatforms) = postSolution
		{1A8B8AB6-8F73-41F4-87E2-B57FF3FDC9E0}.Debug|Any CPU.ActiveCfg = Debug|Any CPU
		{1A8B8AB6-8F73-41F4-87E2-B57FF3FDC9E0}.Debug|Any CPU.Build.0 = Debug|Any CPU
		{1A8B8AB6-8F73-41F4-87E2-B57FF3FDC9E0}.Release|Any CPU.ActiveCfg = Release|Any CPU
		{1A8B8AB6-8F73-41F4-87E2-B57FF3FDC9E0}.Release|Any CPU.Build.0 = Release|Any CPU
	EndGlobalSection
	GlobalSection(SolutionProperties) = preSolution
		HideSolutionNode = FALSE
	EndGlobalSection
	GlobalSection(ExtensibilityGlobals) = postSolution
		SolutionGuid = {930B3BB7-6374-4919-8D88-4F09F6384BD4}
	EndGlobalSection
EndGlobal
